
Microsoft Visual Studio Solution File, Format Version 12.00
# Visual Studio 2012
Project("{FAE04EC0-301F-11D3-BF4B-00C04F79EFBC}") = "SlideshowViewer", "SlideshowViewer\SlideshowViewer.csproj", "{C1176AAC-EB28-4565-A760-425BA3A14F94}"
EndProject
Project("{2150E333-8FDC-42A3-9474-1A3956D46DE8}") = "test", "test", "{BCE3FD90-C6F0-4937-9644-9B97104B029B}"
	ProjectSection(SolutionItems) = preProject
		filelist.txt = filelist.txt
	EndProjectSection
EndProject
Project("{8BC9CEB8-8B4A-11D0-8D11-00A0C91BC942}") = "CppShellExtContextMenuHandler", "CppShellExtContextMenuHandler\CppShellExtContextMenuHandler.vcxproj", "{3D1EDCCE-C4D7-4E77-9E1C-1A689D188A9A}"
EndProject
Project("{6141683F-8A12-4E36-9623-2EB02B2C2303}") = "Setup", "Setup\Setup.isproj", "{73EF2E02-86AF-4C77-B57F-67B1B27925BD}"
	ProjectSection(ProjectDependencies) = postProject
		{C1176AAC-EB28-4565-A760-425BA3A14F94} = {C1176AAC-EB28-4565-A760-425BA3A14F94}
	EndProjectSection
EndProject
Global
	GlobalSection(SolutionConfigurationPlatforms) = preSolution
		CD_ROM|Any CPU = CD_ROM|Any CPU
		CD_ROM|Mixed Platforms = CD_ROM|Mixed Platforms
		CD_ROM|Win32 = CD_ROM|Win32
		CD_ROM|x64 = CD_ROM|x64
		Debug|Any CPU = Debug|Any CPU
		Debug|Mixed Platforms = Debug|Mixed Platforms
		Debug|Win32 = Debug|Win32
		Debug|x64 = Debug|x64
		DVD-5|Any CPU = DVD-5|Any CPU
		DVD-5|Mixed Platforms = DVD-5|Mixed Platforms
		DVD-5|Win32 = DVD-5|Win32
		DVD-5|x64 = DVD-5|x64
		Release|Any CPU = Release|Any CPU
		Release|Mixed Platforms = Release|Mixed Platforms
		Release|Win32 = Release|Win32
		Release|x64 = Release|x64
		SingleImage|Any CPU = SingleImage|Any CPU
		SingleImage|Mixed Platforms = SingleImage|Mixed Platforms
		SingleImage|Win32 = SingleImage|Win32
		SingleImage|x64 = SingleImage|x64
	EndGlobalSection
	GlobalSection(ProjectConfigurationPlatforms) = postSolution
		{C1176AAC-EB28-4565-A760-425BA3A14F94}.CD_ROM|Any CPU.ActiveCfg = Release|Any CPU
		{C1176AAC-EB28-4565-A760-425BA3A14F94}.CD_ROM|Any CPU.Build.0 = Release|Any CPU
		{C1176AAC-EB28-4565-A760-425BA3A14F94}.CD_ROM|Mixed Platforms.ActiveCfg = Release|Any CPU
		{C1176AAC-EB28-4565-A760-425BA3A14F94}.CD_ROM|Mixed Platforms.Build.0 = Release|Any CPU
		{C1176AAC-EB28-4565-A760-425BA3A14F94}.CD_ROM|Win32.ActiveCfg = Release|Any CPU
		{C1176AAC-EB28-4565-A760-425BA3A14F94}.CD_ROM|x64.ActiveCfg = Release|Any CPU
		{C1176AAC-EB28-4565-A760-425BA3A14F94}.Debug|Any CPU.ActiveCfg = Debug|Any CPU
		{C1176AAC-EB28-4565-A760-425BA3A14F94}.Debug|Any CPU.Build.0 = Debug|Any CPU
		{C1176AAC-EB28-4565-A760-425BA3A14F94}.Debug|Mixed Platforms.ActiveCfg = Debug|Any CPU
		{C1176AAC-EB28-4565-A760-425BA3A14F94}.Debug|Mixed Platforms.Build.0 = Debug|Any CPU
		{C1176AAC-EB28-4565-A760-425BA3A14F94}.Debug|Win32.ActiveCfg = Debug|Any CPU
		{C1176AAC-EB28-4565-A760-425BA3A14F94}.Debug|x64.ActiveCfg = Debug|Any CPU
		{C1176AAC-EB28-4565-A760-425BA3A14F94}.DVD-5|Any CPU.ActiveCfg = Debug|Any CPU
		{C1176AAC-EB28-4565-A760-425BA3A14F94}.DVD-5|Any CPU.Build.0 = Debug|Any CPU
		{C1176AAC-EB28-4565-A760-425BA3A14F94}.DVD-5|Mixed Platforms.ActiveCfg = Debug|Any CPU
		{C1176AAC-EB28-4565-A760-425BA3A14F94}.DVD-5|Mixed Platforms.Build.0 = Debug|Any CPU
		{C1176AAC-EB28-4565-A760-425BA3A14F94}.DVD-5|Win32.ActiveCfg = Debug|Any CPU
		{C1176AAC-EB28-4565-A760-425BA3A14F94}.DVD-5|x64.ActiveCfg = Debug|Any CPU
		{C1176AAC-EB28-4565-A760-425BA3A14F94}.Release|Any CPU.ActiveCfg = Release|Any CPU
		{C1176AAC-EB28-4565-A760-425BA3A14F94}.Release|Any CPU.Build.0 = Release|Any CPU
		{C1176AAC-EB28-4565-A760-425BA3A14F94}.Release|Mixed Platforms.ActiveCfg = Release|Any CPU
		{C1176AAC-EB28-4565-A760-425BA3A14F94}.Release|Mixed Platforms.Build.0 = Release|Any CPU
		{C1176AAC-EB28-4565-A760-425BA3A14F94}.Release|Win32.ActiveCfg = Release|Any CPU
		{C1176AAC-EB28-4565-A760-425BA3A14F94}.Release|x64.ActiveCfg = Release|Any CPU
		{C1176AAC-EB28-4565-A760-425BA3A14F94}.SingleImage|Any CPU.ActiveCfg = Release|Any CPU
		{C1176AAC-EB28-4565-A760-425BA3A14F94}.SingleImage|Any CPU.Build.0 = Release|Any CPU
		{C1176AAC-EB28-4565-A760-425BA3A14F94}.SingleImage|Mixed Platforms.ActiveCfg = Release|Any CPU
		{C1176AAC-EB28-4565-A760-425BA3A14F94}.SingleImage|Mixed Platforms.Build.0 = Release|Any CPU
		{C1176AAC-EB28-4565-A760-425BA3A14F94}.SingleImage|Win32.ActiveCfg = Release|Any CPU
		{C1176AAC-EB28-4565-A760-425BA3A14F94}.SingleImage|x64.ActiveCfg = Release|Any CPU
		{3D1EDCCE-C4D7-4E77-9E1C-1A689D188A9A}.CD_ROM|Any CPU.ActiveCfg = Release|Win32
		{3D1EDCCE-C4D7-4E77-9E1C-1A689D188A9A}.CD_ROM|Mixed Platforms.ActiveCfg = Release|Win32
		{3D1EDCCE-C4D7-4E77-9E1C-1A689D188A9A}.CD_ROM|Win32.ActiveCfg = Release|Win32
		{3D1EDCCE-C4D7-4E77-9E1C-1A689D188A9A}.CD_ROM|x64.ActiveCfg = Release|x64
		{3D1EDCCE-C4D7-4E77-9E1C-1A689D188A9A}.Debug|Any CPU.ActiveCfg = Debug|Win32
		{3D1EDCCE-C4D7-4E77-9E1C-1A689D188A9A}.Debug|Mixed Platforms.ActiveCfg = Debug|Win32
		{3D1EDCCE-C4D7-4E77-9E1C-1A689D188A9A}.Debug|Mixed Platforms.Build.0 = Debug|Win32
		{3D1EDCCE-C4D7-4E77-9E1C-1A689D188A9A}.Debug|Win32.ActiveCfg = Debug|Win32
		{3D1EDCCE-C4D7-4E77-9E1C-1A689D188A9A}.Debug|Win32.Build.0 = Debug|Win32
		{3D1EDCCE-C4D7-4E77-9E1C-1A689D188A9A}.Debug|x64.ActiveCfg = Debug|x64
		{3D1EDCCE-C4D7-4E77-9E1C-1A689D188A9A}.Debug|x64.Build.0 = Debug|x64
		{3D1EDCCE-C4D7-4E77-9E1C-1A689D188A9A}.DVD-5|Any CPU.ActiveCfg = Debug|Win32
		{3D1EDCCE-C4D7-4E77-9E1C-1A689D188A9A}.DVD-5|Mixed Platforms.ActiveCfg = Debug|Win32
		{3D1EDCCE-C4D7-4E77-9E1C-1A689D188A9A}.DVD-5|Win32.ActiveCfg = Debug|Win32
		{3D1EDCCE-C4D7-4E77-9E1C-1A689D188A9A}.DVD-5|x64.ActiveCfg = Debug|x64
		{3D1EDCCE-C4D7-4E77-9E1C-1A689D188A9A}.Release|Any CPU.ActiveCfg = Release|Win32
		{3D1EDCCE-C4D7-4E77-9E1C-1A689D188A9A}.Release|Mixed Platforms.ActiveCfg = Release|Win32
		{3D1EDCCE-C4D7-4E77-9E1C-1A689D188A9A}.Release|Mixed Platforms.Build.0 = Release|Win32
		{3D1EDCCE-C4D7-4E77-9E1C-1A689D188A9A}.Release|Win32.ActiveCfg = Release|Win32
		{3D1EDCCE-C4D7-4E77-9E1C-1A689D188A9A}.Release|Win32.Build.0 = Release|Win32
		{3D1EDCCE-C4D7-4E77-9E1C-1A689D188A9A}.Release|x64.ActiveCfg = Release|x64
		{3D1EDCCE-C4D7-4E77-9E1C-1A689D188A9A}.Release|x64.Build.0 = Release|x64
		{3D1EDCCE-C4D7-4E77-9E1C-1A689D188A9A}.SingleImage|Any CPU.ActiveCfg = Release|Win32
		{3D1EDCCE-C4D7-4E77-9E1C-1A689D188A9A}.SingleImage|Mixed Platforms.ActiveCfg = Release|Win32
		{3D1EDCCE-C4D7-4E77-9E1C-1A689D188A9A}.SingleImage|Win32.ActiveCfg = Release|Win32
		{3D1EDCCE-C4D7-4E77-9E1C-1A689D188A9A}.SingleImage|x64.ActiveCfg = Release|x64
		{73EF2E02-86AF-4C77-B57F-67B1B27925BD}.CD_ROM|Any CPU.ActiveCfg = CD_ROM
		{73EF2E02-86AF-4C77-B57F-67B1B27925BD}.CD_ROM|Any CPU.Build.0 = CD_ROM
		{73EF2E02-86AF-4C77-B57F-67B1B27925BD}.CD_ROM|Mixed Platforms.ActiveCfg = CD_ROM
		{73EF2E02-86AF-4C77-B57F-67B1B27925BD}.CD_ROM|Mixed Platforms.Build.0 = CD_ROM
		{73EF2E02-86AF-4C77-B57F-67B1B27925BD}.CD_ROM|Win32.ActiveCfg = CD_ROM
		{73EF2E02-86AF-4C77-B57F-67B1B27925BD}.CD_ROM|Win32.Build.0 = CD_ROM
		{73EF2E02-86AF-4C77-B57F-67B1B27925BD}.CD_ROM|x64.ActiveCfg = CD_ROM
		{73EF2E02-86AF-4C77-B57F-67B1B27925BD}.CD_ROM|x64.Build.0 = CD_ROM
		{73EF2E02-86AF-4C77-B57F-67B1B27925BD}.Debug|Any CPU.ActiveCfg = DVD-5
		{73EF2E02-86AF-4C77-B57F-67B1B27925BD}.Debug|Any CPU.Build.0 = DVD-5
		{73EF2E02-86AF-4C77-B57F-67B1B27925BD}.Debug|Mixed Platforms.ActiveCfg = DVD-5
		{73EF2E02-86AF-4C77-B57F-67B1B27925BD}.Debug|Mixed Platforms.Build.0 = DVD-5
		{73EF2E02-86AF-4C77-B57F-67B1B27925BD}.Debug|Win32.ActiveCfg = DVD-5
		{73EF2E02-86AF-4C77-B57F-67B1B27925BD}.Debug|Win32.Build.0 = DVD-5
		{73EF2E02-86AF-4C77-B57F-67B1B27925BD}.Debug|x64.ActiveCfg = DVD-5
		{73EF2E02-86AF-4C77-B57F-67B1B27925BD}.Debug|x64.Build.0 = DVD-5
		{73EF2E02-86AF-4C77-B57F-67B1B27925BD}.DVD-5|Any CPU.ActiveCfg = DVD-5
		{73EF2E02-86AF-4C77-B57F-67B1B27925BD}.DVD-5|Any CPU.Build.0 = DVD-5
		{73EF2E02-86AF-4C77-B57F-67B1B27925BD}.DVD-5|Mixed Platforms.ActiveCfg = DVD-5
		{73EF2E02-86AF-4C77-B57F-67B1B27925BD}.DVD-5|Mixed Platforms.Build.0 = DVD-5
		{73EF2E02-86AF-4C77-B57F-67B1B27925BD}.DVD-5|Win32.ActiveCfg = DVD-5
		{73EF2E02-86AF-4C77-B57F-67B1B27925BD}.DVD-5|Win32.Build.0 = DVD-5
		{73EF2E02-86AF-4C77-B57F-67B1B27925BD}.DVD-5|x64.ActiveCfg = DVD-5
		{73EF2E02-86AF-4C77-B57F-67B1B27925BD}.DVD-5|x64.Build.0 = DVD-5
		{73EF2E02-86AF-4C77-B57F-67B1B27925BD}.Release|Any CPU.ActiveCfg = SingleImage
		{73EF2E02-86AF-4C77-B57F-67B1B27925BD}.Release|Any CPU.Build.0 = SingleImage
		{73EF2E02-86AF-4C77-B57F-67B1B27925BD}.Release|Mixed Platforms.ActiveCfg = SingleImage
		{73EF2E02-86AF-4C77-B57F-67B1B27925BD}.Release|Mixed Platforms.Build.0 = SingleImage
		{73EF2E02-86AF-4C77-B57F-67B1B27925BD}.Release|Win32.ActiveCfg = SingleImage
		{73EF2E02-86AF-4C77-B57F-67B1B27925BD}.Release|Win32.Build.0 = SingleImage
		{73EF2E02-86AF-4C77-B57F-67B1B27925BD}.Release|x64.ActiveCfg = SingleImage
		{73EF2E02-86AF-4C77-B57F-67B1B27925BD}.Release|x64.Build.0 = SingleImage
		{73EF2E02-86AF-4C77-B57F-67B1B27925BD}.SingleImage|Any CPU.ActiveCfg = SingleImage
		{73EF2E02-86AF-4C77-B57F-67B1B27925BD}.SingleImage|Any CPU.Build.0 = SingleImage
		{73EF2E02-86AF-4C77-B57F-67B1B27925BD}.SingleImage|Mixed Platforms.ActiveCfg = SingleImage
		{73EF2E02-86AF-4C77-B57F-67B1B27925BD}.SingleImage|Mixed Platforms.Build.0 = SingleImage
		{73EF2E02-86AF-4C77-B57F-67B1B27925BD}.SingleImage|Win32.ActiveCfg = SingleImage
		{73EF2E02-86AF-4C77-B57F-67B1B27925BD}.SingleImage|Win32.Build.0 = SingleImage
		{73EF2E02-86AF-4C77-B57F-67B1B27925BD}.SingleImage|x64.ActiveCfg = SingleImage
		{73EF2E02-86AF-4C77-B57F-67B1B27925BD}.SingleImage|x64.Build.0 = SingleImage
	EndGlobalSection
	GlobalSection(SolutionProperties) = preSolution
		HideSolutionNode = FALSE
	EndGlobalSection
EndGlobal
